
Microsoft Visual Studio Solution File, Format Version 12.00
# Visual Studio Version 16
VisualStudioVersion = 16.0.31424.327
MinimumVisualStudioVersion = 10.0.40219.1
Project("{FAE04EC0-301F-11D3-BF4B-00C04F79EFBC}") = "UserAPI", "UserAPI\UserAPI.csproj", "{4FE777B4-81FE-4F4B-8DE1-24EBEE22AC04}"
EndProject
Project("{E53339B2-1760-4266-BCC7-CA923CBCF16C}") = "docker-compose", "docker-compose.dcproj", "{C07CDC84-727C-4E42-A768-2606552B5C26}"
EndProject
Global
	GlobalSection(SolutionConfigurationPlatforms) = preSolution
		Debug|Any CPU = Debug|Any CPU
		Release|Any CPU = Release|Any CPU
	EndGlobalSection
	GlobalSection(ProjectConfigurationPlatforms) = postSolution
		{4FE777B4-81FE-4F4B-8DE1-24EBEE22AC04}.Debug|Any CPU.ActiveCfg = Debug|Any CPU
		{4FE777B4-81FE-4F4B-8DE1-24EBEE22AC04}.Debug|Any CPU.Build.0 = Debug|Any CPU
		{4FE777B4-81FE-4F4B-8DE1-24EBEE22AC04}.Release|Any CPU.ActiveCfg = Release|Any CPU
		{4FE777B4-81FE-4F4B-8DE1-24EBEE22AC04}.Release|Any CPU.Build.0 = Release|Any CPU
		{C07CDC84-727C-4E42-A768-2606552B5C26}.Debug|Any CPU.ActiveCfg = Debug|Any CPU
		{C07CDC84-727C-4E42-A768-2606552B5C26}.Debug|Any CPU.Build.0 = Debug|Any CPU
		{C07CDC84-727C-4E42-A768-2606552B5C26}.Release|Any CPU.ActiveCfg = Release|Any CPU
		{C07CDC84-727C-4E42-A768-2606552B5C26}.Release|Any CPU.Build.0 = Release|Any CPU
	EndGlobalSection
	GlobalSection(SolutionProperties) = preSolution
		HideSolutionNode = FALSE
	EndGlobalSection
	GlobalSection(ExtensibilityGlobals) = postSolution
		SolutionGuid = {701CF61A-3E9F-4530-8383-482707CE5CD5}
	EndGlobalSection
EndGlobal
